// !$*UTF8*$!
{
	archiveVersion = 1;
	classes = {
	};
	objectVersion = 56;
	objects = {

/* Begin PBXBuildFile section */
		D17C645E2A926A11003D5FE6 /* SecondStoryboard.storyboard in Resources */ = {isa = PBXBuildFile; fileRef = D17C645D2A926A11003D5FE6 /* SecondStoryboard.storyboard */; };
		D17C64602A926A92003D5FE6 /* FourthVC.swift in Sources */ = {isa = PBXBuildFile; fileRef = D17C645F2A926A92003D5FE6 /* FourthVC.swift */; };
		D1925E2C2A921B27008080FD /* FirstVC.swift in Sources */ = {isa = PBXBuildFile; fileRef = D1925E2B2A921B27008080FD /* FirstVC.swift */; };
		D1925E2E2A921B41008080FD /* SecondVC.swift in Sources */ = {isa = PBXBuildFile; fileRef = D1925E2D2A921B41008080FD /* SecondVC.swift */; };
		D1925E312A9225CA008080FD /* ThirdVC.swift in Sources */ = {isa = PBXBuildFile; fileRef = D1925E2F2A9225CA008080FD /* ThirdVC.swift */; };
		D1925E322A9225CA008080FD /* ThirdVC.xib in Resources */ = {isa = PBXBuildFile; fileRef = D1925E302A9225CA008080FD /* ThirdVC.xib */; };
		D196CB322A912622005F067B /* AppDelegate.swift in Sources */ = {isa = PBXBuildFile; fileRef = D196CB312A912622005F067B /* AppDelegate.swift */; };
		D196CB342A912622005F067B /* SceneDelegate.swift in Sources */ = {isa = PBXBuildFile; fileRef = D196CB332A912622005F067B /* SceneDelegate.swift */; };
		D196CB392A912622005F067B /* Main.storyboard in Resources */ = {isa = PBXBuildFile; fileRef = D196CB372A912622005F067B /* Main.storyboard */; };
		D196CB3B2A912622005F067B /* Assets.xcassets in Resources */ = {isa = PBXBuildFile; fileRef = D196CB3A2A912622005F067B /* Assets.xcassets */; };
		D196CB3E2A912622005F067B /* LaunchScreen.storyboard in Resources */ = {isa = PBXBuildFile; fileRef = D196CB3C2A912622005F067B /* LaunchScreen.storyboard */; };
/* End PBXBuildFile section */

/* Begin PBXFileReference section */
		D17C645D2A926A11003D5FE6 /* SecondStoryboard.storyboard */ = {isa = PBXFileReference; lastKnownFileType = file.storyboard; path = SecondStoryboard.storyboard; sourceTree = "<group>"; };
		D17C645F2A926A92003D5FE6 /* FourthVC.swift */ = {isa = PBXFileReference; lastKnownFileType = sourcecode.swift; path = FourthVC.swift; sourceTree = "<group>"; };
		D1925E2B2A921B27008080FD /* FirstVC.swift */ = {isa = PBXFileReference; lastKnownFileType = sourcecode.swift; path = FirstVC.swift; sourceTree = "<group>"; };
		D1925E2D2A921B41008080FD /* SecondVC.swift */ = {isa = PBXFileReference; lastKnownFileType = sourcecode.swift; path = SecondVC.swift; sourceTree = "<group>"; };
		D1925E2F2A9225CA008080FD /* ThirdVC.swift */ = {isa = PBXFileReference; lastKnownFileType = sourcecode.swift; path = ThirdVC.swift; sourceTree = "<group>"; };
		D1925E302A9225CA008080FD /* ThirdVC.xib */ = {isa = PBXFileReference; lastKnownFileType = file.xib; path = ThirdVC.xib; sourceTree = "<group>"; };
		D196CB2E2A912622005F067B /* homeWork_14.app */ = {isa = PBXFileReference; explicitFileType = wrapper.application; includeInIndex = 0; path = homeWork_14.app; sourceTree = BUILT_PRODUCTS_DIR; };
		D196CB312A912622005F067B /* AppDelegate.swift */ = {isa = PBXFileReference; lastKnownFileType = sourcecode.swift; path = AppDelegate.swift; sourceTree = "<group>"; };
		D196CB332A912622005F067B /* SceneDelegate.swift */ = {isa = PBXFileReference; lastKnownFileType = sourcecode.swift; path = SceneDelegate.swift; sourceTree = "<group>"; };
		D196CB382A912622005F067B /* Base */ = {isa = PBXFileReference; lastKnownFileType = file.storyboard; name = Base; path = Base.lproj/Main.storyboard; sourceTree = "<group>"; };
		D196CB3A2A912622005F067B /* Assets.xcassets */ = {isa = PBXFileReference; lastKnownFileType = folder.assetcatalog; path = Assets.xcassets; sourceTree = "<group>"; };
		D196CB3D2A912622005F067B /* Base */ = {isa = PBXFileReference; lastKnownFileType = file.storyboard; name = Base; path = Base.lproj/LaunchScreen.storyboard; sourceTree = "<group>"; };
		D196CB3F2A912622005F067B /* Info.plist */ = {isa = PBXFileReference; lastKnownFileType = text.plist.xml; path = Info.plist; sourceTree = "<group>"; };
/* End PBXFileReference section */

/* Begin PBXFrameworksBuildPhase section */
		D196CB2B2A912622005F067B /* Frameworks */ = {
			isa = PBXFrameworksBuildPhase;
			buildActionMask = 2147483647;
			files = (
			);
			runOnlyForDeploymentPostprocessing = 0;
		};
/* End PBXFrameworksBuildPhase section */

/* Begin PBXGroup section */
		D1925E272A91FE98008080FD /* Views */ = {
			isa = PBXGroup;
			children = (
				D196CB372A912622005F067B /* Main.storyboard */,
				D17C645D2A926A11003D5FE6 /* SecondStoryboard.storyboard */,
				D1925E302A9225CA008080FD /* ThirdVC.xib */,
				D196CB3C2A912622005F067B /* LaunchScreen.storyboard */,
			);
			path = Views;
			sourceTree = "<group>";
		};
		D1925E282A91FEA2008080FD /* Controllers */ = {
			isa = PBXGroup;
			children = (
				D1925E2B2A921B27008080FD /* FirstVC.swift */,
				D1925E2D2A921B41008080FD /* SecondVC.swift */,
				D1925E2F2A9225CA008080FD /* ThirdVC.swift */,
				D17C645F2A926A92003D5FE6 /* FourthVC.swift */,
			);
			path = Controllers;
			sourceTree = "<group>";
		};
		D196CB252A912622005F067B = {
			isa = PBXGroup;
			children = (
				D196CB302A912622005F067B /* homeWork_14 */,
				D196CB2F2A912622005F067B /* Products */,
			);
			sourceTree = "<group>";
		};
		D196CB2F2A912622005F067B /* Products */ = {
			isa = PBXGroup;
			children = (
				D196CB2E2A912622005F067B /* homeWork_14.app */,
			);
			name = Products;
			sourceTree = "<group>";
		};
		D196CB302A912622005F067B /* homeWork_14 */ = {
			isa = PBXGroup;
			children = (
				D1925E282A91FEA2008080FD /* Controllers */,
				D1925E272A91FE98008080FD /* Views */,
				D196CB3A2A912622005F067B /* Assets.xcassets */,
				D196CB3F2A912622005F067B /* Info.plist */,
				D196CB452A9126DA005F067B /* Delegate */,
			);
			path = homeWork_14;
			sourceTree = "<group>";
		};
		D196CB452A9126DA005F067B /* Delegate */ = {
			isa = PBXGroup;
			children = (
				D196CB312A912622005F067B /* AppDelegate.swift */,
				D196CB332A912622005F067B /* SceneDelegate.swift */,
			);
			path = Delegate;
			sourceTree = "<group>";
		};
/* End PBXGroup section */

/* Begin PBXNativeTarget section */
		D196CB2D2A912622005F067B /* homeWork_14 */ = {
			isa = PBXNativeTarget;
			buildConfigurationList = D196CB422A912622005F067B /* Build configuration list for PBXNativeTarget "homeWork_14" */;
			buildPhases = (
				D196CB2A2A912622005F067B /* Sources */,
				D196CB2B2A912622005F067B /* Frameworks */,
				D196CB2C2A912622005F067B /* Resources */,
			);
			buildRules = (
			);
			dependencies = (
			);
			name = homeWork_14;
			productName = homeWork_14;
			productReference = D196CB2E2A912622005F067B /* homeWork_14.app */;
			productType = "com.apple.product-type.application";
		};
/* End PBXNativeTarget section */

/* Begin PBXProject section */
		D196CB262A912622005F067B /* Project object */ = {
			isa = PBXProject;
			attributes = {
				BuildIndependentTargetsInParallel = 1;
				LastSwiftUpdateCheck = 1430;
				LastUpgradeCheck = 1430;
				TargetAttributes = {
					D196CB2D2A912622005F067B = {
						CreatedOnToolsVersion = 14.3.1;
					};
				};
			};
			buildConfigurationList = D196CB292A912622005F067B /* Build configuration list for PBXProject "homeWork_14" */;
			compatibilityVersion = "Xcode 14.0";
			developmentRegion = en;
			hasScannedForEncodings = 0;
			knownRegions = (
				en,
				Base,
			);
			mainGroup = D196CB252A912622005F067B;
			productRefGroup = D196CB2F2A912622005F067B /* Products */;
			projectDirPath = "";
			projectRoot = "";
			targets = (
				D196CB2D2A912622005F067B /* homeWork_14 */,
			);
		};
/* End PBXProject section */

/* Begin PBXResourcesBuildPhase section */
		D196CB2C2A912622005F067B /* Resources */ = {
			isa = PBXResourcesBuildPhase;
			buildActionMask = 2147483647;
			files = (
				D1925E322A9225CA008080FD /* ThirdVC.xib in Resources */,
				D196CB3E2A912622005F067B /* LaunchScreen.storyboard in Resources */,
				D17C645E2A926A11003D5FE6 /* SecondStoryboard.storyboard in Resources */,
				D196CB3B2A912622005F067B /* Assets.xcassets in Resources */,
				D196CB392A912622005F067B /* Main.storyboard in Resources */,
			);
			runOnlyForDeploymentPostprocessing = 0;
		};
/* End PBXResourcesBuildPhase section */

/* Begin PBXSourcesBuildPhase section */
		D196CB2A2A912622005F067B /* Sources */ = {
			isa = PBXSourcesBuildPhase;
			buildActionMask = 2147483647;
			files = (
				D17C64602A926A92003D5FE6 /* FourthVC.swift in Sources */,
				D196CB322A912622005F067B /* AppDelegate.swift in Sources */,
				D1925E2C2A921B27008080FD /* FirstVC.swift in Sources */,
				D1925E2E2A921B41008080FD /* SecondVC.swift in Sources */,
				D196CB342A912622005F067B /* SceneDelegate.swift in Sources */,
				D1925E312A9225CA008080FD /* ThirdVC.swift in Sources */,
			);
			runOnlyForDeploymentPostprocessing = 0;
		};
/* End PBXSourcesBuildPhase section */

/* Begin PBXVariantGroup section */
		D196CB372A912622005F067B /* Main.storyboard */ = {
			isa = PBXVariantGroup;
			children = (
				D196CB382A912622005F067B /* Base */,
			);
			name = Main.storyboard;
			sourceTree = "<group>";
		};
		D196CB3C2A912622005F067B /* LaunchScreen.storyboard */ = {
			isa = PBXVariantGroup;
			children = (
				D196CB3D2A912622005F067B /* Base */,
			);
			name = LaunchScreen.storyboard;
			sourceTree = "<group>";
		};
/* End PBXVariantGroup section */

/* Begin XCBuildConfiguration section */
		D196CB402A912622005F067B /* Debug */ = {
			isa = XCBuildConfiguration;
			buildSettings = {
				ALWAYS_SEARCH_USER_PATHS = NO;
				CLANG_ANALYZER_NONNULL = YES;
				CLANG_ANALYZER_NUMBER_OBJECT_CONVERSION = YES_AGGRESSIVE;
				CLANG_CXX_LANGUAGE_STANDARD = "gnu++20";
				CLANG_ENABLE_MODULES = YES;
				CLANG_ENABLE_OBJC_ARC = YES;
				CLANG_ENABLE_OBJC_WEAK = YES;
				CLANG_WARN_BLOCK_CAPTURE_AUTORELEASING = YES;
				CLANG_WARN_BOOL_CONVERSION = YES;
				CLANG_WARN_COMMA = YES;
				CLANG_WARN_CONSTANT_CONVERSION = YES;
				CLANG_WARN_DEPRECATED_OBJC_IMPLEMENTATIONS = YES;
				CLANG_WARN_DIRECT_OBJC_ISA_USAGE = YES_ERROR;
				CLANG_WARN_DOCUMENTATION_COMMENTS = YES;
				CLANG_WARN_EMPTY_BODY = YES;
				CLANG_WARN_ENUM_CONVERSION = YES;
				CLANG_WARN_INFINITE_RECURSION = YES;
				CLANG_WARN_INT_CONVERSION = YES;
				CLANG_WARN_NON_LITERAL_NULL_CONVERSION = YES;
				CLANG_WARN_OBJC_IMPLICIT_RETAIN_SELF = YES;
				CLANG_WARN_OBJC_LITERAL_CONVERSION = YES;
				CLANG_WARN_OBJC_ROOT_CLASS = YES_ERROR;
				CLANG_WARN_QUOTED_INCLUDE_IN_FRAMEWORK_HEADER = YES;
				CLANG_WARN_RANGE_LOOP_ANALYSIS = YES;
				CLANG_WARN_STRICT_PROTOTYPES = YES;
				CLANG_WARN_SUSPICIOUS_MOVE = YES;
				CLANG_WARN_UNGUARDED_AVAILABILITY = YES_AGGRESSIVE;
				CLANG_WARN_UNREACHABLE_CODE = YES;
				CLANG_WARN__DUPLICATE_METHOD_MATCH = YES;
				COPY_PHASE_STRIP = NO;
				DEBUG_INFORMATION_FORMAT = dwarf;
				ENABLE_STRICT_OBJC_MSGSEND = YES;
				ENABLE_TESTABILITY = YES;
				GCC_C_LANGUAGE_STANDARD = gnu11;
				GCC_DYNAMIC_NO_PIC = NO;
				GCC_NO_COMMON_BLOCKS = YES;
				GCC_OPTIMIZATION_LEVEL = 0;
				GCC_PREPROCESSOR_DEFINITIONS = (
					"DEBUG=1",
					"$(inherited)",
				);
				GCC_WARN_64_TO_32_BIT_CONVERSION = YES;
				GCC_WARN_ABOUT_RETURN_TYPE = YES_ERROR;
				GCC_WARN_UNDECLARED_SELECTOR = YES;
				GCC_WARN_UNINITIALIZED_AUTOS = YES_AGGRESSIVE;
				GCC_WARN_UNUSED_FUNCTION = YES;
				GCC_WARN_UNUSED_VARIABLE = YES;
				IPHONEOS_DEPLOYMENT_TARGET = 16.4;
				MTL_ENABLE_DEBUG_INFO = INCLUDE_SOURCE;
				MTL_FAST_MATH = YES;
				ONLY_ACTIVE_ARCH = YES;
				SDKROOT = iphoneos;
				SWIFT_ACTIVE_COMPILATION_CONDITIONS = DEBUG;
				SWIFT_OPTIMIZATION_LEVEL = "-Onone";
			};
			name = Debug;
		};
		D196CB412A912622005F067B /* Release */ = {
			isa = XCBuildConfiguration;
			buildSettings = {
				ALWAYS_SEARCH_USER_PATHS = NO;
				CLANG_ANALYZER_NONNULL = YES;
				CLANG_ANALYZER_NUMBER_OBJECT_CONVERSION = YES_AGGRESSIVE;
				CLANG_CXX_LANGUAGE_STANDARD = "gnu++20";
				CLANG_ENABLE_MODULES = YES;
				CLANG_ENABLE_OBJC_ARC = YES;
				CLANG_ENABLE_OBJC_WEAK = YES;
				CLANG_WARN_BLOCK_CAPTURE_AUTORELEASING = YES;
				CLANG_WARN_BOOL_CONVERSION = YES;
				CLANG_WARN_COMMA = YES;
				CLANG_WARN_CONSTANT_CONVERSION = YES;
				CLANG_WARN_DEPRECATED_OBJC_IMPLEMENTATIONS = YES;
				CLANG_WARN_DIRECT_OBJC_ISA_USAGE = YES_ERROR;
				CLANG_WARN_DOCUMENTATION_COMMENTS = YES;
				CLANG_WARN_EMPTY_BODY = YES;
				CLANG_WARN_ENUM_CONVERSION = YES;
				CLANG_WARN_INFINITE_RECURSION = YES;
				CLANG_WARN_INT_CONVERSION = YES;
				CLANG_WARN_NON_LITERAL_NULL_CONVERSION = YES;
				CLANG_WARN_OBJC_IMPLICIT_RETAIN_SELF = YES;
				CLANG_WARN_OBJC_LITERAL_CONVERSION = YES;
				CLANG_WARN_OBJC_ROOT_CLASS = YES_ERROR;
				CLANG_WARN_QUOTED_INCLUDE_IN_FRAMEWORK_HEADER = YES;
				CLANG_WARN_RANGE_LOOP_ANALYSIS = YES;
				CLANG_WARN_STRICT_PROTOTYPES = YES;
				CLANG_WARN_SUSPICIOUS_MOVE = YES;
				CLANG_WARN_UNGUARDED_AVAILABILITY = YES_AGGRESSIVE;
				CLANG_WARN_UNREACHABLE_CODE = YES;
				CLANG_WARN__DUPLICATE_METHOD_MATCH = YES;
				COPY_PHASE_STRIP = NO;
				DEBUG_INFORMATION_FORMAT = "dwarf-with-dsym";
				ENABLE_NS_ASSERTIONS = NO;
				ENABLE_STRICT_OBJC_MSGSEND = YES;
				GCC_C_LANGUAGE_STANDARD = gnu11;
				GCC_NO_COMMON_BLOCKS = YES;
				GCC_WARN_64_TO_32_BIT_CONVERSION = YES;
				GCC_WARN_ABOUT_RETURN_TYPE = YES_ERROR;
				GCC_WARN_UNDECLARED_SELECTOR = YES;
				GCC_WARN_UNINITIALIZED_AUTOS = YES_AGGRESSIVE;
				GCC_WARN_UNUSED_FUNCTION = YES;
				GCC_WARN_UNUSED_VARIABLE = YES;
				IPHONEOS_DEPLOYMENT_TARGET = 16.4;
				MTL_ENABLE_DEBUG_INFO = NO;
				MTL_FAST_MATH = YES;
				SDKROOT = iphoneos;
				SWIFT_COMPILATION_MODE = wholemodule;
				SWIFT_OPTIMIZATION_LEVEL = "-O";
				VALIDATE_PRODUCT = YES;
			};
			name = Release;
		};
		D196CB432A912622005F067B /* Debug */ = {
			isa = XCBuildConfiguration;
			buildSettings = {
				ASSETCATALOG_COMPILER_APPICON_NAME = AppIcon;
				ASSETCATALOG_COMPILER_GLOBAL_ACCENT_COLOR_NAME = AccentColor;
				CODE_SIGN_STYLE = Automatic;
				CURRENT_PROJECT_VERSION = 1;
				DEVELOPMENT_TEAM = 2BFD7M72TY;
				GENERATE_INFOPLIST_FILE = YES;
				INFOPLIST_FILE = homeWork_14/Info.plist;
				INFOPLIST_KEY_UIApplicationSupportsIndirectInputEvents = YES;
				INFOPLIST_KEY_UILaunchStoryboardName = LaunchScreen;
				INFOPLIST_KEY_UIMainStoryboardFile = Main;
				INFOPLIST_KEY_UISupportedInterfaceOrientations = UIInterfaceOrientationPortrait;
				INFOPLIST_KEY_UISupportedInterfaceOrientations_iPad = "UIInterfaceOrientationLandscapeLeft UIInterfaceOrientationLandscapeRight UIInterfaceOrientationPortrait UIInterfaceOrientationPortraitUpsideDown";
				IPHONEOS_DEPLOYMENT_TARGET = 16.4;
				LD_RUNPATH_SEARCH_PATHS = (
					"$(inherited)",
					"@executable_path/Frameworks",
				);
				MARKETING_VERSION = 1.0.1;
				PRODUCT_BUNDLE_IDENTIFIER = "com.yourcompany.homeWork-14";
				PRODUCT_NAME = "$(TARGET_NAME)";
				SUPPORTED_PLATFORMS = "iphoneos iphonesimulator";
				SUPPORTS_MACCATALYST = NO;
				SUPPORTS_MAC_DESIGNED_FOR_IPHONE_IPAD = NO;
				SWIFT_EMIT_LOC_STRINGS = YES;
				SWIFT_VERSION = 5.0;
				TARGETED_DEVICE_FAMILY = 1;
			};
			name = Debug;
		};
		D196CB442A912622005F067B /* Release */ = {
			isa = XCBuildConfiguration;
			buildSettings = {
				ASSETCATALOG_COMPILER_APPICON_NAME = AppIcon;
				ASSETCATALOG_COMPILER_GLOBAL_ACCENT_COLOR_NAME = AccentColor;
				CODE_SIGN_STYLE = Automatic;
				CURRENT_PROJECT_VERSION = 1;
				DEVELOPMENT_TEAM = 2BFD7M72TY;
				GENERATE_INFOPLIST_FILE = YES;
				INFOPLIST_FILE = homeWork_14/Info.plist;
				INFOPLIST_KEY_UIApplicationSupportsIndirectInputEvents = YES;
				INFOPLIST_KEY_UILaunchStoryboardName = LaunchScreen;
				INFOPLIST_KEY_UIMainStoryboardFile = Main;
				INFOPLIST_KEY_UISupportedInterfaceOrientations = UIInterfaceOrientationPortrait;
				INFOPLIST_KEY_UISupportedInterfaceOrientations_iPad = "UIInterfaceOrientationLandscapeLeft UIInterfaceOrientationLandscapeRight UIInterfaceOrientationPortrait UIInterfaceOrientationPortraitUpsideDown";
				IPHONEOS_DEPLOYMENT_TARGET = 16.4;
				LD_RUNPATH_SEARCH_PATHS = (
					"$(inherited)",
					"@executable_path/Frameworks",
				);
				MARKETING_VERSION = 1.0.1;
				PRODUCT_BUNDLE_IDENTIFIER = "com.yourcompany.homeWork-14";
				PRODUCT_NAME = "$(TARGET_NAME)";
				SUPPORTED_PLATFORMS = "iphoneos iphonesimulator";
				SUPPORTS_MACCATALYST = NO;
				SUPPORTS_MAC_DESIGNED_FOR_IPHONE_IPAD = NO;
				SWIFT_EMIT_LOC_STRINGS = YES;
				SWIFT_VERSION = 5.0;
				TARGETED_DEVICE_FAMILY = 1;
			};
			name = Release;
		};
/* End XCBuildConfiguration section */

/* Begin XCConfigurationList section */
		D196CB292A912622005F067B /* Build configuration list for PBXProject "homeWork_14" */ = {
			isa = XCConfigurationList;
			buildConfigurations = (
				D196CB402A912622005F067B /* Debug */,
				D196CB412A912622005F067B /* Release */,
			);
			defaultConfigurationIsVisible = 0;
			defaultConfigurationName = Release;
		};
		D196CB422A912622005F067B /* Build configuration list for PBXNativeTarget "homeWork_14" */ = {
			isa = XCConfigurationList;
			buildConfigurations = (
				D196CB432A912622005F067B /* Debug */,
				D196CB442A912622005F067B /* Release */,
			);
			defaultConfigurationIsVisible = 0;
			defaultConfigurationName = Release;
		};
/* End XCConfigurationList section */
	};
	rootObject = D196CB262A912622005F067B /* Project object */;
}
